{
    "requires": true,
    "lockfileVersion": 1,
    "dependencies": {
        "discord-interactions": {
            "version": "2.1.0",
            "resolved": "https://registry.npmjs.org/discord-interactions/-/discord-interactions-2.1.0.tgz",
            "integrity": "sha512-cs9BHou0CnQfXJkkuKa0VEMIOATMxwGdWBKeMRyEDL4Z8DBev+DdEQpD0ecQt77neb8OUnCnmgTZD0fiMXzQ9Q==",
            "requires": {
                "tweetnacl": "^1.0.3"
            }
        },
        "tweetnacl": {
            "version": "1.0.3",
            "resolved": "https://registry.npmjs.org/tweetnacl/-/tweetnacl-1.0.3.tgz",
            "integrity": "sha512-6rt+RN7aOi1nGMyC4Xa5DdYiukl2UWCbcJft7YhxReBGQD7OAM8Pbxw6YMo4r2diNEA8FEmu32YOn9rhaiE5yw=="
        }
    }
}
